// !$*UTF8*$!
{
	archiveVersion = 1;
	classes = {
	};
	objectVersion = 45;
	objects = {

/* Begin PBXBuildFile section */
		1D3623260D0F684500981E51 /* LatestChattyAppDelegate.m in Sources */ = {isa = PBXBuildFile; fileRef = 1D3623250D0F684500981E51 /* LatestChattyAppDelegate.m */; };
		1D60589B0D05DD56006BFB54 /* main.m in Sources */ = {isa = PBXBuildFile; fileRef = 29B97316FDCFA39411CA2CEA /* main.m */; };
		1D60589F0D05DD5A006BFB54 /* Foundation.framework in Frameworks */ = {isa = PBXBuildFile; fileRef = 1D30AB110D05D00D00671497 /* Foundation.framework */; };
		1DF5F4E00D08C38300B7A737 /* UIKit.framework in Frameworks */ = {isa = PBXBuildFile; fileRef = 1DF5F4DF0D08C38300B7A737 /* UIKit.framework */; };
		2892E4100DC94CBA00A64D0F /* CoreGraphics.framework in Frameworks */ = {isa = PBXBuildFile; fileRef = 2892E40F0DC94CBA00A64D0F /* CoreGraphics.framework */; };
		2899E5600DE3E45000AC0155 /* ChattyViewController.xib in Resources */ = {isa = PBXBuildFile; fileRef = 2899E55F0DE3E45000AC0155 /* ChattyViewController.xib */; };
		28AD73600D9D9599002E5188 /* MainWindow.xib in Resources */ = {isa = PBXBuildFile; fileRef = 28AD735F0D9D9599002E5188 /* MainWindow.xib */; };
		28C286E10D94DF7D0034E888 /* ChattyViewController.m in Sources */ = {isa = PBXBuildFile; fileRef = 28C286E00D94DF7D0034E888 /* ChattyViewController.m */; };
		599CEF140E856E8900B7FB2F /* LoadingView.m in Sources */ = {isa = PBXBuildFile; fileRef = 599CEF130E856E8900B7FB2F /* LoadingView.m */; };
		59F766340E6500970022FE0C /* NewsPost.m in Sources */ = {isa = PBXBuildFile; fileRef = 59F7662B0E6500970022FE0C /* NewsPost.m */; };
		59F766350E6500970022FE0C /* JFNewsPostCell.m in Sources */ = {isa = PBXBuildFile; fileRef = 59F7662C0E6500970022FE0C /* JFNewsPostCell.m */; };
		59F766360E6500970022FE0C /* RootViewController.m in Sources */ = {isa = PBXBuildFile; fileRef = 59F7662E0E6500970022FE0C /* RootViewController.m */; };
		59F766370E6500970022FE0C /* RSSReader.m in Sources */ = {isa = PBXBuildFile; fileRef = 59F7662F0E6500970022FE0C /* RSSReader.m */; };
		59F7663B0E6501020022FE0C /* RootViewController.xib in Resources */ = {isa = PBXBuildFile; fileRef = 59F7663A0E6501020022FE0C /* RootViewController.xib */; };
		FA02CA310E44C1F90013981F /* Settings.bundle in Resources */ = {isa = PBXBuildFile; fileRef = FA02CA300E44C1F90013981F /* Settings.bundle */; };
		FA02CB2A0E44F1000013981F /* Default.png in Resources */ = {isa = PBXBuildFile; fileRef = FA02CB290E44F1000013981F /* Default.png */; };
		FA02CB480E44F8400013981F /* RootPostCellView.m in Sources */ = {isa = PBXBuildFile; fileRef = FA02CB470E44F8400013981F /* RootPostCellView.m */; };
		FA19CC4E0F1FE57F00D836F5 /* SystemConfiguration.framework in Frameworks */ = {isa = PBXBuildFile; fileRef = FA19CC4D0F1FE57F00D836F5 /* SystemConfiguration.framework */; };
		FA2E59630E5EAD1700937274 /* DragonDrop.png in Resources */ = {isa = PBXBuildFile; fileRef = FA2E59620E5EAD1700937274 /* DragonDrop.png */; };
		FA346BE90E4FDF8C00B1DF5A /* Button.png in Resources */ = {isa = PBXBuildFile; fileRef = FA346BE80E4FDF8C00B1DF5A /* Button.png */; };
		FA346BF30E4FEA2900B1DF5A /* ButtonPushed.png in Resources */ = {isa = PBXBuildFile; fileRef = FA346BF20E4FEA2900B1DF5A /* ButtonPushed.png */; };
		FA346C060E4FFA0F00B1DF5A /* ButtonContentSpoiler.png in Resources */ = {isa = PBXBuildFile; fileRef = FA346C050E4FFA0F00B1DF5A /* ButtonContentSpoiler.png */; };
		FA346C080E4FFB6C00B1DF5A /* ButtonUnderline.png in Resources */ = {isa = PBXBuildFile; fileRef = FA346C070E4FFB6C00B1DF5A /* ButtonUnderline.png */; };
		FA346C0A0E4FFBC900B1DF5A /* ButtonStrike.png in Resources */ = {isa = PBXBuildFile; fileRef = FA346C090E4FFBC900B1DF5A /* ButtonStrike.png */; };
		FA346C0F0E4FFCA800B1DF5A /* ButtonCode.png in Resources */ = {isa = PBXBuildFile; fileRef = FA346C0E0E4FFCA800B1DF5A /* ButtonCode.png */; };
		FA346C110E4FFDB500B1DF5A /* ButtonSend.png in Resources */ = {isa = PBXBuildFile; fileRef = FA346C100E4FFDB500B1DF5A /* ButtonSend.png */; };
		FA346C800E500DB100B1DF5A /* NavButtonTags.png in Resources */ = {isa = PBXBuildFile; fileRef = FA346C7F0E500DB100B1DF5A /* NavButtonTags.png */; };
		FA3D72480E43FCB3002998D3 /* Icon.png in Resources */ = {isa = PBXBuildFile; fileRef = FA3D72460E43FCB3002998D3 /* Icon.png */; };
		FA3D72490E43FCB3002998D3 /* post.html in Resources */ = {isa = PBXBuildFile; fileRef = FA3D72470E43FCB3002998D3 /* post.html */; };
		FA3D72570E43FCC0002998D3 /* CXMLDocument_PrivateExtensions.m in Sources */ = {isa = PBXBuildFile; fileRef = FA3D724B0E43FCC0002998D3 /* CXMLDocument_PrivateExtensions.m */; };
		FA3D72580E43FCC0002998D3 /* CXMLDocument.m in Sources */ = {isa = PBXBuildFile; fileRef = FA3D724D0E43FCC0002998D3 /* CXMLDocument.m */; };
		FA3D72590E43FCC0002998D3 /* CXMLElement.m in Sources */ = {isa = PBXBuildFile; fileRef = FA3D724F0E43FCC0002998D3 /* CXMLElement.m */; };
		FA3D725A0E43FCC0002998D3 /* CXMLNode_PrivateExtensions.m in Sources */ = {isa = PBXBuildFile; fileRef = FA3D72510E43FCC0002998D3 /* CXMLNode_PrivateExtensions.m */; };
		FA3D725B0E43FCC0002998D3 /* CXMLNode_XPathExtensions.m in Sources */ = {isa = PBXBuildFile; fileRef = FA3D72530E43FCC0002998D3 /* CXMLNode_XPathExtensions.m */; };
		FA3D725C0E43FCC0002998D3 /* CXMLNode.m in Sources */ = {isa = PBXBuildFile; fileRef = FA3D72550E43FCC0002998D3 /* CXMLNode.m */; };
		FA4156FF0E653F1D00E59903 /* ChatIcon.png in Resources */ = {isa = PBXBuildFile; fileRef = FA4156FE0E653F1D00E59903 /* ChatIcon.png */; };
		FA461BC10E4255B500E3654D /* Feed.m in Sources */ = {isa = PBXBuildFile; fileRef = FA461BBE0E4255B500E3654D /* Feed.m */; };
		FA461BC20E4255B500E3654D /* Post.m in Sources */ = {isa = PBXBuildFile; fileRef = FA461BC00E4255B500E3654D /* Post.m */; };
		FA461BC80E42561900E3654D /* DetailViewController.m in Sources */ = {isa = PBXBuildFile; fileRef = FA461BC70E42561900E3654D /* DetailViewController.m */; };
		FA461BCB0E42568900E3654D /* DetailViewController.xib in Resources */ = {isa = PBXBuildFile; fileRef = FA461BCA0E42568900E3654D /* DetailViewController.xib */; };
		FA4FA15C0F3E7ADF001EB103 /* RegexKitLite.m in Sources */ = {isa = PBXBuildFile; fileRef = FA4FA15B0F3E7ADF001EB103 /* RegexKitLite.m */; };
		FA55573C0E4E1F7700A79258 /* ExternalWebViewController.xib in Resources */ = {isa = PBXBuildFile; fileRef = FA55573B0E4E1F7700A79258 /* ExternalWebViewController.xib */; };
		FA55574A0E4E214600A79258 /* ExternalWebViewController.m in Sources */ = {isa = PBXBuildFile; fileRef = FA5557490E4E214600A79258 /* ExternalWebViewController.m */; };
		FA8EBF860E6343D2009B657C /* Image.m in Sources */ = {isa = PBXBuildFile; fileRef = FA8EBF850E6343D2009B657C /* Image.m */; };
		FAA25FB70E4688F000F0C53C /* left.png in Resources */ = {isa = PBXBuildFile; fileRef = FAA25FB50E4688EF00F0C53C /* left.png */; };
		FAA25FB80E4688F000F0C53C /* right.png in Resources */ = {isa = PBXBuildFile; fileRef = FAA25FB60E4688F000F0C53C /* right.png */; };
		FAA260460E46940B00F0C53C /* tag.png in Resources */ = {isa = PBXBuildFile; fileRef = FAA260450E46940B00F0C53C /* tag.png */; };
		FAE5535C0E442EEB00228EFB /* ComposeViewController.xib in Resources */ = {isa = PBXBuildFile; fileRef = FAE5535B0E442EEB00228EFB /* ComposeViewController.xib */; };
		FAE553610E442F3200228EFB /* ComposeViewController.m in Sources */ = {isa = PBXBuildFile; fileRef = FAE5535F0E442F3200228EFB /* ComposeViewController.m */; };
		FAF681D70E579B2500C61212 /* NSDataAdditions.m in Sources */ = {isa = PBXBuildFile; fileRef = FAF681D40E579B2500C61212 /* NSDataAdditions.m */; };
		FAF681D80E579B2500C61212 /* NSStringAdditions.m in Sources */ = {isa = PBXBuildFile; fileRef = FAF681D50E579B2500C61212 /* NSStringAdditions.m */; };
/* End PBXBuildFile section */

/* Begin PBXFileReference section */
		1D30AB110D05D00D00671497 /* Foundation.framework */ = {isa = PBXFileReference; lastKnownFileType = wrapper.framework; name = Foundation.framework; path = System/Library/Frameworks/Foundation.framework; sourceTree = SDKROOT; };
		1D3623240D0F684500981E51 /* LatestChattyAppDelegate.h */ = {isa = PBXFileReference; fileEncoding = 4; lastKnownFileType = sourcecode.c.h; path = LatestChattyAppDelegate.h; sourceTree = "<group>"; };
		1D3623250D0F684500981E51 /* LatestChattyAppDelegate.m */ = {isa = PBXFileReference; fileEncoding = 4; lastKnownFileType = sourcecode.c.objc; path = LatestChattyAppDelegate.m; sourceTree = "<group>"; };
		1D6058910D05DD3D006BFB54 /* LatestChatty.app */ = {isa = PBXFileReference; explicitFileType = wrapper.application; includeInIndex = 0; path = LatestChatty.app; sourceTree = BUILT_PRODUCTS_DIR; };
		1DF5F4DF0D08C38300B7A737 /* UIKit.framework */ = {isa = PBXFileReference; lastKnownFileType = wrapper.framework; name = UIKit.framework; path = System/Library/Frameworks/UIKit.framework; sourceTree = SDKROOT; };
		2892E40F0DC94CBA00A64D0F /* CoreGraphics.framework */ = {isa = PBXFileReference; lastKnownFileType = wrapper.framework; name = CoreGraphics.framework; path = System/Library/Frameworks/CoreGraphics.framework; sourceTree = SDKROOT; };
		2899E55F0DE3E45000AC0155 /* ChattyViewController.xib */ = {isa = PBXFileReference; lastKnownFileType = file.xib; path = ChattyViewController.xib; sourceTree = "<group>"; };
		28A0AAE50D9B0CCF005BE974 /* LatestChatty_Prefix.pch */ = {isa = PBXFileReference; fileEncoding = 4; lastKnownFileType = sourcecode.c.h; path = LatestChatty_Prefix.pch; sourceTree = "<group>"; };
		28AD735F0D9D9599002E5188 /* MainWindow.xib */ = {isa = PBXFileReference; lastKnownFileType = file.xib; path = MainWindow.xib; sourceTree = "<group>"; };
		28C286DF0D94DF7D0034E888 /* ChattyViewController.h */ = {isa = PBXFileReference; fileEncoding = 4; lastKnownFileType = sourcecode.c.h; path = ChattyViewController.h; sourceTree = "<group>"; };
		28C286E00D94DF7D0034E888 /* ChattyViewController.m */ = {isa = PBXFileReference; fileEncoding = 4; lastKnownFileType = sourcecode.c.objc; path = ChattyViewController.m; sourceTree = "<group>"; };
		29B97316FDCFA39411CA2CEA /* main.m */ = {isa = PBXFileReference; fileEncoding = 4; lastKnownFileType = sourcecode.c.objc; path = main.m; sourceTree = "<group>"; };
		599CEF120E856E8900B7FB2F /* LoadingView.h */ = {isa = PBXFileReference; fileEncoding = 4; lastKnownFileType = sourcecode.c.h; path = LoadingView.h; sourceTree = "<group>"; };
		599CEF130E856E8900B7FB2F /* LoadingView.m */ = {isa = PBXFileReference; fileEncoding = 4; lastKnownFileType = sourcecode.c.objc; path = LoadingView.m; sourceTree = "<group>"; };
		59F7662A0E6500970022FE0C /* JFNewsPostCell.h */ = {isa = PBXFileReference; fileEncoding = 4; lastKnownFileType = sourcecode.c.h; name = JFNewsPostCell.h; path = NewsAdditions/JFNewsPostCell.h; sourceTree = "<group>"; };
		59F7662B0E6500970022FE0C /* NewsPost.m */ = {isa = PBXFileReference; fileEncoding = 4; lastKnownFileType = sourcecode.c.objc; name = NewsPost.m; path = NewsAdditions/NewsPost.m; sourceTree = "<group>"; };
		59F7662C0E6500970022FE0C /* JFNewsPostCell.m */ = {isa = PBXFileReference; fileEncoding = 4; lastKnownFileType = sourcecode.c.objc; name = JFNewsPostCell.m; path = NewsAdditions/JFNewsPostCell.m; sourceTree = "<group>"; };
		59F7662D0E6500970022FE0C /* RSSReader.h */ = {isa = PBXFileReference; fileEncoding = 4; lastKnownFileType = sourcecode.c.h; name = RSSReader.h; path = NewsAdditions/RSSReader.h; sourceTree = "<group>"; };
		59F7662E0E6500970022FE0C /* RootViewController.m */ = {isa = PBXFileReference; fileEncoding = 4; lastKnownFileType = sourcecode.c.objc; name = RootViewController.m; path = NewsAdditions/RootViewController.m; sourceTree = "<group>"; };
		59F7662F0E6500970022FE0C /* RSSReader.m */ = {isa = PBXFileReference; fileEncoding = 4; lastKnownFileType = sourcecode.c.objc; name = RSSReader.m; path = NewsAdditions/RSSReader.m; sourceTree = "<group>"; };
		59F766310E6500970022FE0C /* RootViewController.h */ = {isa = PBXFileReference; fileEncoding = 4; lastKnownFileType = sourcecode.c.h; name = RootViewController.h; path = NewsAdditions/RootViewController.h; sourceTree = "<group>"; };
		59F766320E6500970022FE0C /* NewsPost.h */ = {isa = PBXFileReference; fileEncoding = 4; lastKnownFileType = sourcecode.c.h; name = NewsPost.h; path = NewsAdditions/NewsPost.h; sourceTree = "<group>"; };
		59F7663A0E6501020022FE0C /* RootViewController.xib */ = {isa = PBXFileReference; lastKnownFileType = file.xib; path = RootViewController.xib; sourceTree = "<group>"; };
		8D1107310486CEB800E47090 /* Info.plist */ = {isa = PBXFileReference; fileEncoding = 4; lastKnownFileType = text.plist.xml; path = Info.plist; sourceTree = "<group>"; };
		FA02CA300E44C1F90013981F /* Settings.bundle */ = {isa = PBXFileReference; lastKnownFileType = "wrapper.plug-in"; path = Settings.bundle; sourceTree = "<group>"; };
		FA02CB290E44F1000013981F /* Default.png */ = {isa = PBXFileReference; lastKnownFileType = image.png; name = Default.png; path = Assets/Default.png; sourceTree = "<group>"; };
		FA02CB460E44F8400013981F /* RootPostCellView.h */ = {isa = PBXFileReference; fileEncoding = 4; lastKnownFileType = sourcecode.c.h; path = RootPostCellView.h; sourceTree = "<group>"; };
		FA02CB470E44F8400013981F /* RootPostCellView.m */ = {isa = PBXFileReference; fileEncoding = 4; lastKnownFileType = sourcecode.c.objc; path = RootPostCellView.m; sourceTree = "<group>"; };
		FA19CC4D0F1FE57F00D836F5 /* SystemConfiguration.framework */ = {isa = PBXFileReference; lastKnownFileType = wrapper.framework; name = SystemConfiguration.framework; path = /System/Library/Frameworks/SystemConfiguration.framework; sourceTree = "<absolute>"; };
		FA2E59620E5EAD1700937274 /* DragonDrop.png */ = {isa = PBXFileReference; lastKnownFileType = image.png; name = DragonDrop.png; path = Assets/DragonDrop.png; sourceTree = "<group>"; };
		FA346BE80E4FDF8C00B1DF5A /* Button.png */ = {isa = PBXFileReference; lastKnownFileType = image.png; name = Button.png; path = Assets/Button.png; sourceTree = "<group>"; };
		FA346BF20E4FEA2900B1DF5A /* ButtonPushed.png */ = {isa = PBXFileReference; lastKnownFileType = image.png; name = ButtonPushed.png; path = Assets/ButtonPushed.png; sourceTree = "<group>"; };
		FA346C050E4FFA0F00B1DF5A /* ButtonContentSpoiler.png */ = {isa = PBXFileReference; lastKnownFileType = image.png; name = ButtonContentSpoiler.png; path = Assets/ButtonContentSpoiler.png; sourceTree = "<group>"; };
		FA346C070E4FFB6C00B1DF5A /* ButtonUnderline.png */ = {isa = PBXFileReference; lastKnownFileType = image.png; name = ButtonUnderline.png; path = Assets/ButtonUnderline.png; sourceTree = "<group>"; };
		FA346C090E4FFBC900B1DF5A /* ButtonStrike.png */ = {isa = PBXFileReference; lastKnownFileType = image.png; name = ButtonStrike.png; path = Assets/ButtonStrike.png; sourceTree = "<group>"; };
		FA346C0E0E4FFCA800B1DF5A /* ButtonCode.png */ = {isa = PBXFileReference; lastKnownFileType = image.png; name = ButtonCode.png; path = Assets/ButtonCode.png; sourceTree = "<group>"; };
		FA346C100E4FFDB500B1DF5A /* ButtonSend.png */ = {isa = PBXFileReference; lastKnownFileType = image.png; name = ButtonSend.png; path = Assets/ButtonSend.png; sourceTree = "<group>"; };
		FA346C7F0E500DB100B1DF5A /* NavButtonTags.png */ = {isa = PBXFileReference; lastKnownFileType = image.png; name = NavButtonTags.png; path = Assets/NavButtonTags.png; sourceTree = "<group>"; };
		FA3D72460E43FCB3002998D3 /* Icon.png */ = {isa = PBXFileReference; lastKnownFileType = image.png; name = Icon.png; path = Assets/Icon.png; sourceTree = "<group>"; };
		FA3D72470E43FCB3002998D3 /* post.html */ = {isa = PBXFileReference; fileEncoding = 4; lastKnownFileType = text.html; name = post.html; path = Assets/post.html; sourceTree = "<group>"; };
		FA3D724A0E43FCC0002998D3 /* CXMLDocument_PrivateExtensions.h */ = {isa = PBXFileReference; fileEncoding = 4; lastKnownFileType = sourcecode.c.h; name = CXMLDocument_PrivateExtensions.h; path = TouchXML/CXMLDocument_PrivateExtensions.h; sourceTree = "<group>"; };
		FA3D724B0E43FCC0002998D3 /* CXMLDocument_PrivateExtensions.m */ = {isa = PBXFileReference; fileEncoding = 4; lastKnownFileType = sourcecode.c.objc; name = CXMLDocument_PrivateExtensions.m; path = TouchXML/CXMLDocument_PrivateExtensions.m; sourceTree = "<group>"; };
		FA3D724C0E43FCC0002998D3 /* CXMLDocument.h */ = {isa = PBXFileReference; fileEncoding = 4; lastKnownFileType = sourcecode.c.h; name = CXMLDocument.h; path = TouchXML/CXMLDocument.h; sourceTree = "<group>"; };
		FA3D724D0E43FCC0002998D3 /* CXMLDocument.m */ = {isa = PBXFileReference; fileEncoding = 4; lastKnownFileType = sourcecode.c.objc; name = CXMLDocument.m; path = TouchXML/CXMLDocument.m; sourceTree = "<group>"; };
		FA3D724E0E43FCC0002998D3 /* CXMLElement.h */ = {isa = PBXFileReference; fileEncoding = 4; lastKnownFileType = sourcecode.c.h; name = CXMLElement.h; path = TouchXML/CXMLElement.h; sourceTree = "<group>"; };
		FA3D724F0E43FCC0002998D3 /* CXMLElement.m */ = {isa = PBXFileReference; fileEncoding = 4; lastKnownFileType = sourcecode.c.objc; name = CXMLElement.m; path = TouchXML/CXMLElement.m; sourceTree = "<group>"; };
		FA3D72500E43FCC0002998D3 /* CXMLNode_PrivateExtensions.h */ = {isa = PBXFileReference; fileEncoding = 4; lastKnownFileType = sourcecode.c.h; name = CXMLNode_PrivateExtensions.h; path = TouchXML/CXMLNode_PrivateExtensions.h; sourceTree = "<group>"; };
		FA3D72510E43FCC0002998D3 /* CXMLNode_PrivateExtensions.m */ = {isa = PBXFileReference; fileEncoding = 4; lastKnownFileType = sourcecode.c.objc; name = CXMLNode_PrivateExtensions.m; path = TouchXML/CXMLNode_PrivateExtensions.m; sourceTree = "<group>"; };
		FA3D72520E43FCC0002998D3 /* CXMLNode_XPathExtensions.h */ = {isa = PBXFileReference; fileEncoding = 4; lastKnownFileType = sourcecode.c.h; name = CXMLNode_XPathExtensions.h; path = TouchXML/CXMLNode_XPathExtensions.h; sourceTree = "<group>"; };
		FA3D72530E43FCC0002998D3 /* CXMLNode_XPathExtensions.m */ = {isa = PBXFileReference; fileEncoding = 4; lastKnownFileType = sourcecode.c.objc; name = CXMLNode_XPathExtensions.m; path = TouchXML/CXMLNode_XPathExtensions.m; sourceTree = "<group>"; };
		FA3D72540E43FCC0002998D3 /* CXMLNode.h */ = {isa = PBXFileReference; fileEncoding = 4; lastKnownFileType = sourcecode.c.h; name = CXMLNode.h; path = TouchXML/CXMLNode.h; sourceTree = "<group>"; };
		FA3D72550E43FCC0002998D3 /* CXMLNode.m */ = {isa = PBXFileReference; fileEncoding = 4; lastKnownFileType = sourcecode.c.objc; name = CXMLNode.m; path = TouchXML/CXMLNode.m; sourceTree = "<group>"; };
		FA3D72560E43FCC0002998D3 /* TouchXML.h */ = {isa = PBXFileReference; fileEncoding = 4; lastKnownFileType = sourcecode.c.h; name = TouchXML.h; path = TouchXML/TouchXML.h; sourceTree = "<group>"; };
		FA4156FE0E653F1D00E59903 /* ChatIcon.png */ = {isa = PBXFileReference; lastKnownFileType = image.png; name = ChatIcon.png; path = Assets/ChatIcon.png; sourceTree = "<group>"; };
		FA461BBD0E4255B500E3654D /* Feed.h */ = {isa = PBXFileReference; fileEncoding = 4; lastKnownFileType = sourcecode.c.h; path = Feed.h; sourceTree = "<group>"; };
		FA461BBE0E4255B500E3654D /* Feed.m */ = {isa = PBXFileReference; fileEncoding = 4; lastKnownFileType = sourcecode.c.objc; path = Feed.m; sourceTree = "<group>"; };
		FA461BBF0E4255B500E3654D /* Post.h */ = {isa = PBXFileReference; fileEncoding = 4; lastKnownFileType = sourcecode.c.h; path = Post.h; sourceTree = "<group>"; };
		FA461BC00E4255B500E3654D /* Post.m */ = {isa = PBXFileReference; fileEncoding = 4; lastKnownFileType = sourcecode.c.objc; path = Post.m; sourceTree = "<group>"; };
		FA461BC60E42561900E3654D /* DetailViewController.h */ = {isa = PBXFileReference; fileEncoding = 4; lastKnownFileType = sourcecode.c.h; path = DetailViewController.h; sourceTree = "<group>"; };
		FA461BC70E42561900E3654D /* DetailViewController.m */ = {isa = PBXFileReference; fileEncoding = 4; lastKnownFileType = sourcecode.c.objc; path = DetailViewController.m; sourceTree = "<group>"; };
		FA461BCA0E42568900E3654D /* DetailViewController.xib */ = {isa = PBXFileReference; lastKnownFileType = file.xib; path = DetailViewController.xib; sourceTree = "<group>"; };
		FA4FA15A0F3E7ADF001EB103 /* RegexKitLite.h */ = {isa = PBXFileReference; fileEncoding = 4; lastKnownFileType = sourcecode.c.h; name = RegexKitLite.h; path = "../../../Desktop/RegexKitLite-2.2/RegexKitLite.h"; sourceTree = SOURCE_ROOT; };
		FA4FA15B0F3E7ADF001EB103 /* RegexKitLite.m */ = {isa = PBXFileReference; fileEncoding = 4; lastKnownFileType = sourcecode.c.objc; name = RegexKitLite.m; path = "../../../Desktop/RegexKitLite-2.2/RegexKitLite.m"; sourceTree = SOURCE_ROOT; };
		FA55573B0E4E1F7700A79258 /* ExternalWebViewController.xib */ = {isa = PBXFileReference; lastKnownFileType = file.xib; path = ExternalWebViewController.xib; sourceTree = "<group>"; };
		FA5557480E4E214600A79258 /* ExternalWebViewController.h */ = {isa = PBXFileReference; fileEncoding = 4; lastKnownFileType = sourcecode.c.h; path = ExternalWebViewController.h; sourceTree = "<group>"; };
		FA5557490E4E214600A79258 /* ExternalWebViewController.m */ = {isa = PBXFileReference; fileEncoding = 4; lastKnownFileType = sourcecode.c.objc; path = ExternalWebViewController.m; sourceTree = "<group>"; };
		FA8EBF840E6343D2009B657C /* Image.h */ = {isa = PBXFileReference; fileEncoding = 4; lastKnownFileType = sourcecode.c.h; path = Image.h; sourceTree = "<group>"; };
		FA8EBF850E6343D2009B657C /* Image.m */ = {isa = PBXFileReference; fileEncoding = 4; lastKnownFileType = sourcecode.c.objc; path = Image.m; sourceTree = "<group>"; };
		FAA25FB50E4688EF00F0C53C /* left.png */ = {isa = PBXFileReference; lastKnownFileType = image.png; name = left.png; path = Assets/left.png; sourceTree = "<group>"; };
		FAA25FB60E4688F000F0C53C /* right.png */ = {isa = PBXFileReference; lastKnownFileType = image.png; name = right.png; path = Assets/right.png; sourceTree = "<group>"; };
		FAA260450E46940B00F0C53C /* tag.png */ = {isa = PBXFileReference; lastKnownFileType = image.png; name = tag.png; path = Assets/tag.png; sourceTree = "<group>"; };
		FAE5535B0E442EEB00228EFB /* ComposeViewController.xib */ = {isa = PBXFileReference; lastKnownFileType = file.xib; path = ComposeViewController.xib; sourceTree = "<group>"; };
		FAE5535F0E442F3200228EFB /* ComposeViewController.m */ = {isa = PBXFileReference; fileEncoding = 4; lastKnownFileType = sourcecode.c.objc; path = ComposeViewController.m; sourceTree = "<group>"; };
		FAE553600E442F3200228EFB /* ComposeViewController.h */ = {isa = PBXFileReference; fileEncoding = 4; lastKnownFileType = sourcecode.c.h; path = ComposeViewController.h; sourceTree = "<group>"; };
		FAF681D30E579B2500C61212 /* NSDataAdditions.h */ = {isa = PBXFileReference; fileEncoding = 4; lastKnownFileType = sourcecode.c.h; name = NSDataAdditions.h; path = Classes/NSDataAdditions.h; sourceTree = "<group>"; };
		FAF681D40E579B2500C61212 /* NSDataAdditions.m */ = {isa = PBXFileReference; fileEncoding = 4; lastKnownFileType = sourcecode.c.objc; name = NSDataAdditions.m; path = Classes/NSDataAdditions.m; sourceTree = "<group>"; };
		FAF681D50E579B2500C61212 /* NSStringAdditions.m */ = {isa = PBXFileReference; fileEncoding = 4; lastKnownFileType = sourcecode.c.objc; name = NSStringAdditions.m; path = Classes/NSStringAdditions.m; sourceTree = "<group>"; };
		FAF681D60E579B2500C61212 /* NSStringAdditions.h */ = {isa = PBXFileReference; fileEncoding = 4; lastKnownFileType = sourcecode.c.h; name = NSStringAdditions.h; path = Classes/NSStringAdditions.h; sourceTree = "<group>"; };
/* End PBXFileReference section */

/* Begin PBXFrameworksBuildPhase section */
		1D60588F0D05DD3D006BFB54 /* Frameworks */ = {
			isa = PBXFrameworksBuildPhase;
			buildActionMask = 2147483647;
			files = (
				1D60589F0D05DD5A006BFB54 /* Foundation.framework in Frameworks */,
				1DF5F4E00D08C38300B7A737 /* UIKit.framework in Frameworks */,
				2892E4100DC94CBA00A64D0F /* CoreGraphics.framework in Frameworks */,
				FA19CC4E0F1FE57F00D836F5 /* SystemConfiguration.framework in Frameworks */,
			);
			runOnlyForDeploymentPostprocessing = 0;
		};
/* End PBXFrameworksBuildPhase section */

/* Begin PBXGroup section */
		080E96DDFE201D6D7F000001 /* Classes */ = {
			isa = PBXGroup;
			children = (
				FA02CB450E44F81B0013981F /* Views */,
				FA461BC50E4255C200E3654D /* Controllers */,
				FA461BC40E4255BC00E3654D /* Models */,
			);
			path = Classes;
			sourceTree = "<group>";
		};
		19C28FACFE9D520D11CA2CBB /* Products */ = {
			isa = PBXGroup;
			children = (
				1D6058910D05DD3D006BFB54 /* LatestChatty.app */,
			);
			name = Products;
			sourceTree = "<group>";
		};
		29B97314FDCFA39411CA2CEA /* CustomTemplate */ = {
			isa = PBXGroup;
			children = (
				080E96DDFE201D6D7F000001 /* Classes */,
				29B97315FDCFA39411CA2CEA /* Other Sources */,
				29B97317FDCFA39411CA2CEA /* Resources */,
				29B97323FDCFA39411CA2CEA /* Frameworks */,
				19C28FACFE9D520D11CA2CBB /* Products */,
			);
			name = CustomTemplate;
			sourceTree = "<group>";
		};
		29B97315FDCFA39411CA2CEA /* Other Sources */ = {
			isa = PBXGroup;
			children = (
				FA461BA90E4255A300E3654D /* TouchXML */,
				FAF681690E57966300C61212 /* Base64 */,
				FA4FA15A0F3E7ADF001EB103 /* RegexKitLite.h */,
				FA4FA15B0F3E7ADF001EB103 /* RegexKitLite.m */,
				28A0AAE50D9B0CCF005BE974 /* LatestChatty_Prefix.pch */,
				29B97316FDCFA39411CA2CEA /* main.m */,
			);
			name = "Other Sources";
			sourceTree = "<group>";
		};
		29B97317FDCFA39411CA2CEA /* Resources */ = {
			isa = PBXGroup;
			children = (
				FA346BE30E4FDF6800B1DF5A /* Images */,
				FA3D72470E43FCB3002998D3 /* post.html */,
				28AD735F0D9D9599002E5188 /* MainWindow.xib */,
				2899E55F0DE3E45000AC0155 /* ChattyViewController.xib */,
				59F7663A0E6501020022FE0C /* RootViewController.xib */,
				FA461BCA0E42568900E3654D /* DetailViewController.xib */,
				FAE5535B0E442EEB00228EFB /* ComposeViewController.xib */,
				FA55573B0E4E1F7700A79258 /* ExternalWebViewController.xib */,
				8D1107310486CEB800E47090 /* Info.plist */,
				FA02CA300E44C1F90013981F /* Settings.bundle */,
			);
			name = Resources;
			sourceTree = "<group>";
		};
		29B97323FDCFA39411CA2CEA /* Frameworks */ = {
			isa = PBXGroup;
			children = (
				FA19CC4D0F1FE57F00D836F5 /* SystemConfiguration.framework */,
				2892E40F0DC94CBA00A64D0F /* CoreGraphics.framework */,
				1DF5F4DF0D08C38300B7A737 /* UIKit.framework */,
				1D30AB110D05D00D00671497 /* Foundation.framework */,
			);
			name = Frameworks;
			sourceTree = "<group>";
		};
		FA02CB450E44F81B0013981F /* Views */ = {
			isa = PBXGroup;
			children = (
				59F7662A0E6500970022FE0C /* JFNewsPostCell.h */,
				59F7662C0E6500970022FE0C /* JFNewsPostCell.m */,
				FA02CB460E44F8400013981F /* RootPostCellView.h */,
				FA02CB470E44F8400013981F /* RootPostCellView.m */,
				599CEF120E856E8900B7FB2F /* LoadingView.h */,
				599CEF130E856E8900B7FB2F /* LoadingView.m */,
			);
			name = Views;
			sourceTree = "<group>";
		};
		FA346BE30E4FDF6800B1DF5A /* Images */ = {
			isa = PBXGroup;
			children = (
				FA4156FE0E653F1D00E59903 /* ChatIcon.png */,
				FA2E59620E5EAD1700937274 /* DragonDrop.png */,
				FA346C7F0E500DB100B1DF5A /* NavButtonTags.png */,
				FA346C100E4FFDB500B1DF5A /* ButtonSend.png */,
				FA346C0E0E4FFCA800B1DF5A /* ButtonCode.png */,
				FA346C090E4FFBC900B1DF5A /* ButtonStrike.png */,
				FA346C070E4FFB6C00B1DF5A /* ButtonUnderline.png */,
				FA346C050E4FFA0F00B1DF5A /* ButtonContentSpoiler.png */,
				FA346BF20E4FEA2900B1DF5A /* ButtonPushed.png */,
				FA346BE80E4FDF8C00B1DF5A /* Button.png */,
				FA02CB290E44F1000013981F /* Default.png */,
				FA3D72460E43FCB3002998D3 /* Icon.png */,
				FAA25FB50E4688EF00F0C53C /* left.png */,
				FAA25FB60E4688F000F0C53C /* right.png */,
				FAA260450E46940B00F0C53C /* tag.png */,
			);
			name = Images;
			sourceTree = "<group>";
		};
		FA461BA90E4255A300E3654D /* TouchXML */ = {
			isa = PBXGroup;
			children = (
				FA3D724A0E43FCC0002998D3 /* CXMLDocument_PrivateExtensions.h */,
				FA3D724B0E43FCC0002998D3 /* CXMLDocument_PrivateExtensions.m */,
				FA3D724C0E43FCC0002998D3 /* CXMLDocument.h */,
				FA3D724D0E43FCC0002998D3 /* CXMLDocument.m */,
				FA3D724E0E43FCC0002998D3 /* CXMLElement.h */,
				FA3D724F0E43FCC0002998D3 /* CXMLElement.m */,
				FA3D72500E43FCC0002998D3 /* CXMLNode_PrivateExtensions.h */,
				FA3D72510E43FCC0002998D3 /* CXMLNode_PrivateExtensions.m */,
				FA3D72520E43FCC0002998D3 /* CXMLNode_XPathExtensions.h */,
				FA3D72530E43FCC0002998D3 /* CXMLNode_XPathExtensions.m */,
				FA3D72540E43FCC0002998D3 /* CXMLNode.h */,
				FA3D72550E43FCC0002998D3 /* CXMLNode.m */,
				FA3D72560E43FCC0002998D3 /* TouchXML.h */,
			);
			name = TouchXML;
			sourceTree = "<group>";
		};
		FA461BC40E4255BC00E3654D /* Models */ = {
			isa = PBXGroup;
			children = (
				FA461BBD0E4255B500E3654D /* Feed.h */,
				FA461BBE0E4255B500E3654D /* Feed.m */,
				FA461BBF0E4255B500E3654D /* Post.h */,
				FA461BC00E4255B500E3654D /* Post.m */,
				FA8EBF840E6343D2009B657C /* Image.h */,
				FA8EBF850E6343D2009B657C /* Image.m */,
				59F7662D0E6500970022FE0C /* RSSReader.h */,
				59F7662F0E6500970022FE0C /* RSSReader.m */,
				59F766320E6500970022FE0C /* NewsPost.h */,
				59F7662B0E6500970022FE0C /* NewsPost.m */,
			);
			name = Models;
			sourceTree = "<group>";
		};
		FA461BC50E4255C200E3654D /* Controllers */ = {
			isa = PBXGroup;
			children = (
				1D3623240D0F684500981E51 /* LatestChattyAppDelegate.h */,
				1D3623250D0F684500981E51 /* LatestChattyAppDelegate.m */,
				59F766310E6500970022FE0C /* RootViewController.h */,
				59F7662E0E6500970022FE0C /* RootViewController.m */,
				28C286DF0D94DF7D0034E888 /* ChattyViewController.h */,
				28C286E00D94DF7D0034E888 /* ChattyViewController.m */,
				FA461BC60E42561900E3654D /* DetailViewController.h */,
				FA461BC70E42561900E3654D /* DetailViewController.m */,
				FAE553600E442F3200228EFB /* ComposeViewController.h */,
				FAE5535F0E442F3200228EFB /* ComposeViewController.m */,
				FA5557480E4E214600A79258 /* ExternalWebViewController.h */,
				FA5557490E4E214600A79258 /* ExternalWebViewController.m */,
			);
			name = Controllers;
			sourceTree = "<group>";
		};
		FAF681690E57966300C61212 /* Base64 */ = {
			isa = PBXGroup;
			children = (
				FAF681D30E579B2500C61212 /* NSDataAdditions.h */,
				FAF681D40E579B2500C61212 /* NSDataAdditions.m */,
				FAF681D50E579B2500C61212 /* NSStringAdditions.m */,
				FAF681D60E579B2500C61212 /* NSStringAdditions.h */,
			);
			name = Base64;
			sourceTree = "<group>";
		};
/* End PBXGroup section */

/* Begin PBXNativeTarget section */
		1D6058900D05DD3D006BFB54 /* LatestChatty */ = {
			isa = PBXNativeTarget;
			buildConfigurationList = 1D6058960D05DD3E006BFB54 /* Build configuration list for PBXNativeTarget "LatestChatty" */;
			buildPhases = (
				1D60588D0D05DD3D006BFB54 /* Resources */,
				1D60588E0D05DD3D006BFB54 /* Sources */,
				1D60588F0D05DD3D006BFB54 /* Frameworks */,
			);
			buildRules = (
			);
			dependencies = (
			);
			name = LatestChatty;
			productName = LatestChatty;
			productReference = 1D6058910D05DD3D006BFB54 /* LatestChatty.app */;
			productType = "com.apple.product-type.application";
		};
/* End PBXNativeTarget section */

/* Begin PBXProject section */
		29B97313FDCFA39411CA2CEA /* Project object */ = {
			isa = PBXProject;
			buildConfigurationList = C01FCF4E08A954540054247B /* Build configuration list for PBXProject "LatestChatty" */;
			compatibilityVersion = "Xcode 3.1";
			hasScannedForEncodings = 1;
			knownRegions = (
				English,
				Japanese,
				French,
				German,
				en,
			);
			mainGroup = 29B97314FDCFA39411CA2CEA /* CustomTemplate */;
			projectDirPath = "";
			projectRoot = "";
			targets = (
				1D6058900D05DD3D006BFB54 /* LatestChatty */,
			);
		};
/* End PBXProject section */

/* Begin PBXResourcesBuildPhase section */
		1D60588D0D05DD3D006BFB54 /* Resources */ = {
			isa = PBXResourcesBuildPhase;
			buildActionMask = 2147483647;
			files = (
				28AD73600D9D9599002E5188 /* MainWindow.xib in Resources */,
				2899E5600DE3E45000AC0155 /* ChattyViewController.xib in Resources */,
				FA461BCB0E42568900E3654D /* DetailViewController.xib in Resources */,
				FA3D72480E43FCB3002998D3 /* Icon.png in Resources */,
				FA3D72490E43FCB3002998D3 /* post.html in Resources */,
				FAE5535C0E442EEB00228EFB /* ComposeViewController.xib in Resources */,
				FA02CA310E44C1F90013981F /* Settings.bundle in Resources */,
				FA02CB2A0E44F1000013981F /* Default.png in Resources */,
				FAA25FB70E4688F000F0C53C /* left.png in Resources */,
				FAA25FB80E4688F000F0C53C /* right.png in Resources */,
				FAA260460E46940B00F0C53C /* tag.png in Resources */,
				FA55573C0E4E1F7700A79258 /* ExternalWebViewController.xib in Resources */,
				FA346BE90E4FDF8C00B1DF5A /* Button.png in Resources */,
				FA346BF30E4FEA2900B1DF5A /* ButtonPushed.png in Resources */,
				FA346C060E4FFA0F00B1DF5A /* ButtonContentSpoiler.png in Resources */,
				FA346C080E4FFB6C00B1DF5A /* ButtonUnderline.png in Resources */,
				FA346C0A0E4FFBC900B1DF5A /* ButtonStrike.png in Resources */,
				FA346C0F0E4FFCA800B1DF5A /* ButtonCode.png in Resources */,
				FA346C110E4FFDB500B1DF5A /* ButtonSend.png in Resources */,
				FA346C800E500DB100B1DF5A /* NavButtonTags.png in Resources */,
				FA2E59630E5EAD1700937274 /* DragonDrop.png in Resources */,
				59F7663B0E6501020022FE0C /* RootViewController.xib in Resources */,
				FA4156FF0E653F1D00E59903 /* ChatIcon.png in Resources */,
			);
			runOnlyForDeploymentPostprocessing = 0;
		};
/* End PBXResourcesBuildPhase section */

/* Begin PBXSourcesBuildPhase section */
		1D60588E0D05DD3D006BFB54 /* Sources */ = {
			isa = PBXSourcesBuildPhase;
			buildActionMask = 2147483647;
			files = (
				1D60589B0D05DD56006BFB54 /* main.m in Sources */,
				1D3623260D0F684500981E51 /* LatestChattyAppDelegate.m in Sources */,
				28C286E10D94DF7D0034E888 /* ChattyViewController.m in Sources */,
				FA461BC10E4255B500E3654D /* Feed.m in Sources */,
				FA461BC20E4255B500E3654D /* Post.m in Sources */,
				FA461BC80E42561900E3654D /* DetailViewController.m in Sources */,
				FA3D72570E43FCC0002998D3 /* CXMLDocument_PrivateExtensions.m in Sources */,
				FA3D72580E43FCC0002998D3 /* CXMLDocument.m in Sources */,
				FA3D72590E43FCC0002998D3 /* CXMLElement.m in Sources */,
				FA3D725A0E43FCC0002998D3 /* CXMLNode_PrivateExtensions.m in Sources */,
				FA3D725B0E43FCC0002998D3 /* CXMLNode_XPathExtensions.m in Sources */,
				FA3D725C0E43FCC0002998D3 /* CXMLNode.m in Sources */,
				FAE553610E442F3200228EFB /* ComposeViewController.m in Sources */,
				FA02CB480E44F8400013981F /* RootPostCellView.m in Sources */,
				FA55574A0E4E214600A79258 /* ExternalWebViewController.m in Sources */,
				FAF681D70E579B2500C61212 /* NSDataAdditions.m in Sources */,
				FAF681D80E579B2500C61212 /* NSStringAdditions.m in Sources */,
				FA8EBF860E6343D2009B657C /* Image.m in Sources */,
				59F766340E6500970022FE0C /* NewsPost.m in Sources */,
				59F766350E6500970022FE0C /* JFNewsPostCell.m in Sources */,
				59F766360E6500970022FE0C /* RootViewController.m in Sources */,
				59F766370E6500970022FE0C /* RSSReader.m in Sources */,
				599CEF140E856E8900B7FB2F /* LoadingView.m in Sources */,
				FA4FA15C0F3E7ADF001EB103 /* RegexKitLite.m in Sources */,
			);
			runOnlyForDeploymentPostprocessing = 0;
		};
/* End PBXSourcesBuildPhase section */

/* Begin XCBuildConfiguration section */
		1D6058940D05DD3E006BFB54 /* Debug */ = {
			isa = XCBuildConfiguration;
			buildSettings = {
				ALWAYS_SEARCH_USER_PATHS = NO;
				CODE_SIGN_IDENTITY = "iPhone Developer: Alex Wayne";
				"CODE_SIGN_IDENTITY[sdk=iphoneos*]" = "iPhone Developer: Alex Wayne";
				COPY_PHASE_STRIP = NO;
				GCC_DYNAMIC_NO_PIC = NO;
				GCC_OPTIMIZATION_LEVEL = 0;
				GCC_PRECOMPILE_PREFIX_HEADER = YES;
				GCC_PREFIX_HEADER = LatestChatty_Prefix.pch;
				INFOPLIST_FILE = Info.plist;
				OTHER_LDFLAGS = (
					"-licucore",
					"-lxml2",
				);
				PRODUCT_NAME = LatestChatty;
				PROVISIONING_PROFILE = "37679E7C-14AC-4EAE-9374-BD9962AAA40F";
				"PROVISIONING_PROFILE[sdk=iphoneos*]" = "37679E7C-14AC-4EAE-9374-BD9962AAA40F";
			};
			name = Debug;
		};
		1D6058950D05DD3E006BFB54 /* Release */ = {
			isa = XCBuildConfiguration;
			buildSettings = {
				ALWAYS_SEARCH_USER_PATHS = NO;
				CODE_SIGN_IDENTITY = "iPhone Developer: Alex Wayne";
				"CODE_SIGN_IDENTITY[sdk=iphoneos*]" = "iPhone Developer: Alex Wayne";
				COPY_PHASE_STRIP = YES;
				GCC_PRECOMPILE_PREFIX_HEADER = YES;
				GCC_PREFIX_HEADER = LatestChatty_Prefix.pch;
				INFOPLIST_FILE = Info.plist;
				OTHER_LDFLAGS = (
					"-licucore",
					"-lxml2",
				);
				PRODUCT_NAME = LatestChatty;
				PROVISIONING_PROFILE = "37679E7C-14AC-4EAE-9374-BD9962AAA40F";
				"PROVISIONING_PROFILE[sdk=iphoneos*]" = "37679E7C-14AC-4EAE-9374-BD9962AAA40F";
			};
			name = Release;
		};
		C01FCF4F08A954540054247B /* Debug */ = {
			isa = XCBuildConfiguration;
			buildSettings = {
				ARCHS = "$(ARCHS_STANDARD_32_BIT)";
				CODE_SIGN_IDENTITY = "iPhone Developer: Alex Wayne";
				"CODE_SIGN_IDENTITY[sdk=iphoneos*]" = "iPhone Developer: Alex Wayne";
				GCC_C_LANGUAGE_STANDARD = c99;
				GCC_WARN_ABOUT_RETURN_TYPE = YES;
				GCC_WARN_UNUSED_VARIABLE = YES;
				HEADER_SEARCH_PATHS = "/usr/include/libxml2/**";
				ONLY_ACTIVE_ARCH = YES;
				OTHER_LDFLAGS = "-lxml2";
				PREBINDING = NO;
				PROVISIONING_PROFILE = "37679E7C-14AC-4EAE-9374-BD9962AAA40F";
				"PROVISIONING_PROFILE[sdk=iphoneos*]" = "37679E7C-14AC-4EAE-9374-BD9962AAA40F";
				SDKROOT = iphoneos2.0;
			};
			name = Debug;
		};
		C01FCF5008A954540054247B /* Release */ = {
			isa = XCBuildConfiguration;
			buildSettings = {
				ARCHS = "$(ARCHS_STANDARD_32_BIT)";
				CODE_SIGN_IDENTITY = "iPhone Developer: Alex Wayne";
				"CODE_SIGN_IDENTITY[sdk=iphoneos*]" = "iPhone Developer: Alex Wayne";
				GCC_C_LANGUAGE_STANDARD = c99;
				GCC_WARN_ABOUT_RETURN_TYPE = YES;
				GCC_WARN_UNUSED_VARIABLE = YES;
				HEADER_SEARCH_PATHS = "/usr/include/libxml2/**";
				OTHER_LDFLAGS = "-lxml2";
				PREBINDING = NO;
				PROVISIONING_PROFILE = "37679E7C-14AC-4EAE-9374-BD9962AAA40F";
				"PROVISIONING_PROFILE[sdk=iphoneos*]" = "37679E7C-14AC-4EAE-9374-BD9962AAA40F";
				SDKROOT = iphoneos2.0;
			};
			name = Release;
		};
		FAFB16FE0E4771A600A8FF7B /* Distribution */ = {
			isa = XCBuildConfiguration;
			buildSettings = {
				ARCHS = "$(ARCHS_STANDARD_32_BIT)";
				CODE_SIGN_IDENTITY = "iPhone Developer: Alex Wayne";
				"CODE_SIGN_IDENTITY[sdk=iphoneos*]" = "iPhone Developer: Alex Wayne";
				GCC_C_LANGUAGE_STANDARD = c99;
				GCC_WARN_ABOUT_RETURN_TYPE = YES;
				GCC_WARN_UNUSED_VARIABLE = YES;
				HEADER_SEARCH_PATHS = "/usr/include/libxml2/**";
				OTHER_LDFLAGS = "-lxml2";
				PREBINDING = NO;
				PROVISIONING_PROFILE = "37679E7C-14AC-4EAE-9374-BD9962AAA40F";
				"PROVISIONING_PROFILE[sdk=iphoneos*]" = "37679E7C-14AC-4EAE-9374-BD9962AAA40F";
				SDKROOT = iphoneos2.0;
			};
			name = Distribution;
		};
		FAFB16FF0E4771A600A8FF7B /* Distribution */ = {
			isa = XCBuildConfiguration;
			buildSettings = {
				ALWAYS_SEARCH_USER_PATHS = NO;
				"CODE_SIGN_IDENTITY[sdk=iphoneos*]" = "iPhone Distribution: Alex Wayne";
				COPY_PHASE_STRIP = YES;
				GCC_PRECOMPILE_PREFIX_HEADER = YES;
				GCC_PREFIX_HEADER = LatestChatty_Prefix.pch;
				INFOPLIST_FILE = Info.plist;
				OTHER_LDFLAGS = (
					"-licucore",
					"-lxml2",
				);
				PRODUCT_NAME = LatestChatty;
				"PROVISIONING_PROFILE[sdk=iphoneos*]" = "B5007E2F-8F81-46C2-8917-6445C108AE5C";
			};
			name = Distribution;
		};
/* End XCBuildConfiguration section */

/* Begin XCConfigurationList section */
		1D6058960D05DD3E006BFB54 /* Build configuration list for PBXNativeTarget "LatestChatty" */ = {
			isa = XCConfigurationList;
			buildConfigurations = (
				1D6058940D05DD3E006BFB54 /* Debug */,
				1D6058950D05DD3E006BFB54 /* Release */,
				FAFB16FF0E4771A600A8FF7B /* Distribution */,
			);
			defaultConfigurationIsVisible = 0;
			defaultConfigurationName = Release;
		};
		C01FCF4E08A954540054247B /* Build configuration list for PBXProject "LatestChatty" */ = {
			isa = XCConfigurationList;
			buildConfigurations = (
				C01FCF4F08A954540054247B /* Debug */,
				C01FCF5008A954540054247B /* Release */,
				FAFB16FE0E4771A600A8FF7B /* Distribution */,
			);
			defaultConfigurationIsVisible = 0;
			defaultConfigurationName = Release;
		};
/* End XCConfigurationList section */
	};
	rootObject = 29B97313FDCFA39411CA2CEA /* Project object */;
}
